
Microsoft Visual Studio Solution File, Format Version 12.00
# Visual Studio Version 17
VisualStudioVersion = 17.4.33103.184
MinimumVisualStudioVersion = 10.0.40219.1
Project("{FAE04EC0-301F-11D3-BF4B-00C04F79EFBC}") = "ChatBot", "ChatBot\ChatBot.csproj", "{5FFA5858-F621-4775-A7D9-7CB305B36E5B}"
EndProject
Global
	GlobalSection(SolutionConfigurationPlatforms) = preSolution
		Debug|Any CPU = Debug|Any CPU
		Release|Any CPU = Release|Any CPU
	EndGlobalSection
	GlobalSection(ProjectConfigurationPlatforms) = postSolution
		{5FFA5858-F621-4775-A7D9-7CB305B36E5B}.Debug|Any CPU.ActiveCfg = Debug|Any CPU
		{5FFA5858-F621-4775-A7D9-7CB305B36E5B}.Debug|Any CPU.Build.0 = Debug|Any CPU
		{5FFA5858-F621-4775-A7D9-7CB305B36E5B}.Release|Any CPU.ActiveCfg = Release|Any CPU
		{5FFA5858-F621-4775-A7D9-7CB305B36E5B}.Release|Any CPU.Build.0 = Release|Any CPU
	EndGlobalSection
	GlobalSection(SolutionProperties) = preSolution
		HideSolutionNode = FALSE
	EndGlobalSection
	GlobalSection(ExtensibilityGlobals) = postSolution
		SolutionGuid = {CFBD1DE0-FED3-4F26-AC5C-A91844BA6387}
	EndGlobalSection
EndGlobal
